
Microsoft Visual Studio Solution File, Format Version 12.00
# Visual Studio Version 17
VisualStudioVersion = 17.5.2.0
MinimumVisualStudioVersion = 10.0.40219.1
Project("{2150E333-8FDC-42A3-9474-1A3956D46DE8}") = "src", "src", "{827E0CD3-B72D-47B6-A68D-7590B98EB39B}"
EndProject
Project("{FAE04EC0-301F-11D3-BF4B-00C04F79EFBC}") = "AspxLint.Core", "src\AspxLint.Core\AspxLint.Core.csproj", "{4487A1E0-78E6-2984-B515-E0AFF26C93A5}"
EndProject
Project("{FAE04EC0-301F-11D3-BF4B-00C04F79EFBC}") = "AspxLint.Server", "src\AspxLint.Server\AspxLint.Server.csproj", "{D66D5A7E-A483-7014-1A18-246D8C5868CD}"
EndProject
Project("{FAE04EC0-301F-11D3-BF4B-00C04F79EFBC}") = "AspxLint.Desktop", "src\AspxLint.Desktop\AspxLint.Desktop.csproj", "{8CC3B74D-DAF7-4943-B7F0-F176BB7771FC}"
EndProject
Project("{2150E333-8FDC-42A3-9474-1A3956D46DE8}") = "tests", "tests", "{0AB3BF05-4346-4AA6-1389-037BE0695223}"
EndProject
Project("{FAE04EC0-301F-11D3-BF4B-00C04F79EFBC}") = "AspxLint.Core.Tests", "tests\AspxLint.Core.Tests\AspxLint.Core.Tests.csproj", "{10DA57D9-93E5-47CE-9A67-43504E80B960}"
EndProject
Project("{FAE04EC0-301F-11D3-BF4B-00C04F79EFBC}") = "AspxLint.Server.Tests", "tests\AspxLint.Server.Tests\AspxLint.Server.Tests.csproj", "{18343971-8D05-4BDF-8481-81F2ACB179C9}"
EndProject
Project("{FAE04EC0-301F-11D3-BF4B-00C04F79EFBC}") = "AspxLint.E2E.Tests", "tests\AspxLint.E2E.Tests\AspxLint.E2E.Tests.csproj", "{0F563D7C-6741-4EF2-BE56-8025BC1464F3}"
EndProject
Project("{FAE04EC0-301F-11D3-BF4B-00C04F79EFBC}") = "AspxLint.Cli", "src\AspxLint.Cli\AspxLint.Cli.csproj", "{B0F6D77C-F6F1-4B5A-89DE-046DD24B0D28}"
EndProject
Project("{FAE04EC0-301F-11D3-BF4B-00C04F79EFBC}") = "AspxLint.Cli.Tests", "tests\AspxLint.Cli.Tests\AspxLint.Cli.Tests.csproj", "{4366F37D-0012-41A2-A625-16EF6275A46F}"
EndProject
Project("{FAE04EC0-301F-11D3-BF4B-00C04F79EFBC}") = "AspxLint.Desktop.Tests", "tests\AspxLint.Desktop.Tests\AspxLint.Desktop.Tests.csproj", "{FD956BA3-1CFB-42B2-B37E-EDE649868BC8}"
EndProject
Project("{FAE04EC0-301F-11D3-BF4B-00C04F79EFBC}") = "AspxLint.MSBuild", "src\AspxLint.MSBuild\AspxLint.MSBuild.csproj", "{212D11B4-BF3F-4F7A-BE8E-A20434FF8A3E}"
EndProject
Project("{FAE04EC0-301F-11D3-BF4B-00C04F79EFBC}") = "AspxLint.Migrate", "src\AspxLint.Migrate\AspxLint.Migrate.csproj", "{EA910C5C-7CAC-4164-A59D-305362A2F1D0}"
EndProject
Project("{FAE04EC0-301F-11D3-BF4B-00C04F79EFBC}") = "AspxLint.Migrate.Tests", "tests\AspxLint.Migrate.Tests\AspxLint.Migrate.Tests.csproj", "{283F3C6B-0AC0-4A47-8FD3-B90A4853403F}"
EndProject
Global
	GlobalSection(SolutionConfigurationPlatforms) = preSolution
		Debug|Any CPU = Debug|Any CPU
		Debug|x64 = Debug|x64
		Debug|x86 = Debug|x86
		Release|Any CPU = Release|Any CPU
		Release|x64 = Release|x64
		Release|x86 = Release|x86
	EndGlobalSection
	GlobalSection(ProjectConfigurationPlatforms) = postSolution
		{4487A1E0-78E6-2984-B515-E0AFF26C93A5}.Debug|Any CPU.ActiveCfg = Debug|Any CPU
		{4487A1E0-78E6-2984-B515-E0AFF26C93A5}.Debug|Any CPU.Build.0 = Debug|Any CPU
		{4487A1E0-78E6-2984-B515-E0AFF26C93A5}.Debug|x64.ActiveCfg = Debug|Any CPU
		{4487A1E0-78E6-2984-B515-E0AFF26C93A5}.Debug|x64.Build.0 = Debug|Any CPU
		{4487A1E0-78E6-2984-B515-E0AFF26C93A5}.Debug|x86.ActiveCfg = Debug|Any CPU
		{4487A1E0-78E6-2984-B515-E0AFF26C93A5}.Debug|x86.Build.0 = Debug|Any CPU
		{4487A1E0-78E6-2984-B515-E0AFF26C93A5}.Release|Any CPU.ActiveCfg = Release|Any CPU
		{4487A1E0-78E6-2984-B515-E0AFF26C93A5}.Release|Any CPU.Build.0 = Release|Any CPU
		{4487A1E0-78E6-2984-B515-E0AFF26C93A5}.Release|x64.ActiveCfg = Release|Any CPU
		{4487A1E0-78E6-2984-B515-E0AFF26C93A5}.Release|x64.Build.0 = Release|Any CPU
		{4487A1E0-78E6-2984-B515-E0AFF26C93A5}.Release|x86.ActiveCfg = Release|Any CPU
		{4487A1E0-78E6-2984-B515-E0AFF26C93A5}.Release|x86.Build.0 = Release|Any CPU
		{D66D5A7E-A483-7014-1A18-246D8C5868CD}.Debug|Any CPU.ActiveCfg = Debug|Any CPU
		{D66D5A7E-A483-7014-1A18-246D8C5868CD}.Debug|Any CPU.Build.0 = Debug|Any CPU
		{D66D5A7E-A483-7014-1A18-246D8C5868CD}.Debug|x64.ActiveCfg = Debug|Any CPU
		{D66D5A7E-A483-7014-1A18-246D8C5868CD}.Debug|x64.Build.0 = Debug|Any CPU
		{D66D5A7E-A483-7014-1A18-246D8C5868CD}.Debug|x86.ActiveCfg = Debug|Any CPU
		{D66D5A7E-A483-7014-1A18-246D8C5868CD}.Debug|x86.Build.0 = Debug|Any CPU
		{D66D5A7E-A483-7014-1A18-246D8C5868CD}.Release|Any CPU.ActiveCfg = Release|Any CPU
		{D66D5A7E-A483-7014-1A18-246D8C5868CD}.Release|Any CPU.Build.0 = Release|Any CPU
		{D66D5A7E-A483-7014-1A18-246D8C5868CD}.Release|x64.ActiveCfg = Release|Any CPU
		{D66D5A7E-A483-7014-1A18-246D8C5868CD}.Release|x64.Build.0 = Release|Any CPU
		{D66D5A7E-A483-7014-1A18-246D8C5868CD}.Release|x86.ActiveCfg = Release|Any CPU
		{D66D5A7E-A483-7014-1A18-246D8C5868CD}.Release|x86.Build.0 = Release|Any CPU
		{8CC3B74D-DAF7-4943-B7F0-F176BB7771FC}.Debug|Any CPU.ActiveCfg = Debug|Any CPU
		{8CC3B74D-DAF7-4943-B7F0-F176BB7771FC}.Debug|Any CPU.Build.0 = Debug|Any CPU
		{8CC3B74D-DAF7-4943-B7F0-F176BB7771FC}.Debug|x64.ActiveCfg = Debug|Any CPU
		{8CC3B74D-DAF7-4943-B7F0-F176BB7771FC}.Debug|x64.Build.0 = Debug|Any CPU
		{8CC3B74D-DAF7-4943-B7F0-F176BB7771FC}.Debug|x86.ActiveCfg = Debug|Any CPU
		{8CC3B74D-DAF7-4943-B7F0-F176BB7771FC}.Debug|x86.Build.0 = Debug|Any CPU
		{8CC3B74D-DAF7-4943-B7F0-F176BB7771FC}.Release|Any CPU.ActiveCfg = Release|Any CPU
		{8CC3B74D-DAF7-4943-B7F0-F176BB7771FC}.Release|Any CPU.Build.0 = Release|Any CPU
		{8CC3B74D-DAF7-4943-B7F0-F176BB7771FC}.Release|x64.ActiveCfg = Release|Any CPU
		{8CC3B74D-DAF7-4943-B7F0-F176BB7771FC}.Release|x64.Build.0 = Release|Any CPU
		{8CC3B74D-DAF7-4943-B7F0-F176BB7771FC}.Release|x86.ActiveCfg = Release|Any CPU
		{8CC3B74D-DAF7-4943-B7F0-F176BB7771FC}.Release|x86.Build.0 = Release|Any CPU
		{10DA57D9-93E5-47CE-9A67-43504E80B960}.Debug|Any CPU.ActiveCfg = Debug|Any CPU
		{10DA57D9-93E5-47CE-9A67-43504E80B960}.Debug|Any CPU.Build.0 = Debug|Any CPU
		{10DA57D9-93E5-47CE-9A67-43504E80B960}.Debug|x64.ActiveCfg = Debug|Any CPU
		{10DA57D9-93E5-47CE-9A67-43504E80B960}.Debug|x64.Build.0 = Debug|Any CPU
		{10DA57D9-93E5-47CE-9A67-43504E80B960}.Debug|x86.ActiveCfg = Debug|Any CPU
		{10DA57D9-93E5-47CE-9A67-43504E80B960}.Debug|x86.Build.0 = Debug|Any CPU
		{10DA57D9-93E5-47CE-9A67-43504E80B960}.Release|Any CPU.ActiveCfg = Release|Any CPU
		{10DA57D9-93E5-47CE-9A67-43504E80B960}.Release|Any CPU.Build.0 = Release|Any CPU
		{10DA57D9-93E5-47CE-9A67-43504E80B960}.Release|x64.ActiveCfg = Release|Any CPU
		{10DA57D9-93E5-47CE-9A67-43504E80B960}.Release|x64.Build.0 = Release|Any CPU
		{10DA57D9-93E5-47CE-9A67-43504E80B960}.Release|x86.ActiveCfg = Release|Any CPU
		{10DA57D9-93E5-47CE-9A67-43504E80B960}.Release|x86.Build.0 = Release|Any CPU
		{18343971-8D05-4BDF-8481-81F2ACB179C9}.Debug|Any CPU.ActiveCfg = Debug|Any CPU
		{18343971-8D05-4BDF-8481-81F2ACB179C9}.Debug|Any CPU.Build.0 = Debug|Any CPU
		{18343971-8D05-4BDF-8481-81F2ACB179C9}.Debug|x64.ActiveCfg = Debug|Any CPU
		{18343971-8D05-4BDF-8481-81F2ACB179C9}.Debug|x64.Build.0 = Debug|Any CPU
		{18343971-8D05-4BDF-8481-81F2ACB179C9}.Debug|x86.ActiveCfg = Debug|Any CPU
		{18343971-8D05-4BDF-8481-81F2ACB179C9}.Debug|x86.Build.0 = Debug|Any CPU
		{18343971-8D05-4BDF-8481-81F2ACB179C9}.Release|Any CPU.ActiveCfg = Release|Any CPU
		{18343971-8D05-4BDF-8481-81F2ACB179C9}.Release|Any CPU.Build.0 = Release|Any CPU
		{18343971-8D05-4BDF-8481-81F2ACB179C9}.Release|x64.ActiveCfg = Release|Any CPU
		{18343971-8D05-4BDF-8481-81F2ACB179C9}.Release|x64.Build.0 = Release|Any CPU
		{18343971-8D05-4BDF-8481-81F2ACB179C9}.Release|x86.ActiveCfg = Release|Any CPU
		{18343971-8D05-4BDF-8481-81F2ACB179C9}.Release|x86.Build.0 = Release|Any CPU
		{0F563D7C-6741-4EF2-BE56-8025BC1464F3}.Debug|Any CPU.ActiveCfg = Debug|Any CPU
		{0F563D7C-6741-4EF2-BE56-8025BC1464F3}.Debug|Any CPU.Build.0 = Debug|Any CPU
		{0F563D7C-6741-4EF2-BE56-8025BC1464F3}.Debug|x64.ActiveCfg = Debug|Any CPU
		{0F563D7C-6741-4EF2-BE56-8025BC1464F3}.Debug|x64.Build.0 = Debug|Any CPU
		{0F563D7C-6741-4EF2-BE56-8025BC1464F3}.Debug|x86.ActiveCfg = Debug|Any CPU
		{0F563D7C-6741-4EF2-BE56-8025BC1464F3}.Debug|x86.Build.0 = Debug|Any CPU
		{0F563D7C-6741-4EF2-BE56-8025BC1464F3}.Release|Any CPU.ActiveCfg = Release|Any CPU
		{0F563D7C-6741-4EF2-BE56-8025BC1464F3}.Release|Any CPU.Build.0 = Release|Any CPU
		{0F563D7C-6741-4EF2-BE56-8025BC1464F3}.Release|x64.ActiveCfg = Release|Any CPU
		{0F563D7C-6741-4EF2-BE56-8025BC1464F3}.Release|x64.Build.0 = Release|Any CPU
		{0F563D7C-6741-4EF2-BE56-8025BC1464F3}.Release|x86.ActiveCfg = Release|Any CPU
		{0F563D7C-6741-4EF2-BE56-8025BC1464F3}.Release|x86.Build.0 = Release|Any CPU
		{B0F6D77C-F6F1-4B5A-89DE-046DD24B0D28}.Debug|Any CPU.ActiveCfg = Debug|Any CPU
		{B0F6D77C-F6F1-4B5A-89DE-046DD24B0D28}.Debug|Any CPU.Build.0 = Debug|Any CPU
		{B0F6D77C-F6F1-4B5A-89DE-046DD24B0D28}.Debug|x64.ActiveCfg = Debug|Any CPU
		{B0F6D77C-F6F1-4B5A-89DE-046DD24B0D28}.Debug|x64.Build.0 = Debug|Any CPU
		{B0F6D77C-F6F1-4B5A-89DE-046DD24B0D28}.Debug|x86.ActiveCfg = Debug|Any CPU
		{B0F6D77C-F6F1-4B5A-89DE-046DD24B0D28}.Debug|x86.Build.0 = Debug|Any CPU
		{B0F6D77C-F6F1-4B5A-89DE-046DD24B0D28}.Release|Any CPU.ActiveCfg = Release|Any CPU
		{B0F6D77C-F6F1-4B5A-89DE-046DD24B0D28}.Release|Any CPU.Build.0 = Release|Any CPU
		{B0F6D77C-F6F1-4B5A-89DE-046DD24B0D28}.Release|x64.ActiveCfg = Release|Any CPU
		{B0F6D77C-F6F1-4B5A-89DE-046DD24B0D28}.Release|x64.Build.0 = Release|Any CPU
		{B0F6D77C-F6F1-4B5A-89DE-046DD24B0D28}.Release|x86.ActiveCfg = Release|Any CPU
		{B0F6D77C-F6F1-4B5A-89DE-046DD24B0D28}.Release|x86.Build.0 = Release|Any CPU
		{4366F37D-0012-41A2-A625-16EF6275A46F}.Debug|Any CPU.ActiveCfg = Debug|Any CPU
		{4366F37D-0012-41A2-A625-16EF6275A46F}.Debug|Any CPU.Build.0 = Debug|Any CPU
		{4366F37D-0012-41A2-A625-16EF6275A46F}.Debug|x64.ActiveCfg = Debug|Any CPU
		{4366F37D-0012-41A2-A625-16EF6275A46F}.Debug|x64.Build.0 = Debug|Any CPU
		{4366F37D-0012-41A2-A625-16EF6275A46F}.Debug|x86.ActiveCfg = Debug|Any CPU
		{4366F37D-0012-41A2-A625-16EF6275A46F}.Debug|x86.Build.0 = Debug|Any CPU
		{4366F37D-0012-41A2-A625-16EF6275A46F}.Release|Any CPU.ActiveCfg = Release|Any CPU
		{4366F37D-0012-41A2-A625-16EF6275A46F}.Release|Any CPU.Build.0 = Release|Any CPU
		{4366F37D-0012-41A2-A625-16EF6275A46F}.Release|x64.ActiveCfg = Release|Any CPU
		{4366F37D-0012-41A2-A625-16EF6275A46F}.Release|x64.Build.0 = Release|Any CPU
		{4366F37D-0012-41A2-A625-16EF6275A46F}.Release|x86.ActiveCfg = Release|Any CPU
		{4366F37D-0012-41A2-A625-16EF6275A46F}.Release|x86.Build.0 = Release|Any CPU
		{FD956BA3-1CFB-42B2-B37E-EDE649868BC8}.Debug|Any CPU.ActiveCfg = Debug|Any CPU
		{FD956BA3-1CFB-42B2-B37E-EDE649868BC8}.Debug|Any CPU.Build.0 = Debug|Any CPU
		{FD956BA3-1CFB-42B2-B37E-EDE649868BC8}.Debug|x64.ActiveCfg = Debug|Any CPU
		{FD956BA3-1CFB-42B2-B37E-EDE649868BC8}.Debug|x64.Build.0 = Debug|Any CPU
		{FD956BA3-1CFB-42B2-B37E-EDE649868BC8}.Debug|x86.ActiveCfg = Debug|Any CPU
		{FD956BA3-1CFB-42B2-B37E-EDE649868BC8}.Debug|x86.Build.0 = Debug|Any CPU
		{FD956BA3-1CFB-42B2-B37E-EDE649868BC8}.Release|Any CPU.ActiveCfg = Release|Any CPU
		{FD956BA3-1CFB-42B2-B37E-EDE649868BC8}.Release|Any CPU.Build.0 = Release|Any CPU
		{FD956BA3-1CFB-42B2-B37E-EDE649868BC8}.Release|x64.ActiveCfg = Release|Any CPU
		{FD956BA3-1CFB-42B2-B37E-EDE649868BC8}.Release|x64.Build.0 = Release|Any CPU
		{FD956BA3-1CFB-42B2-B37E-EDE649868BC8}.Release|x86.ActiveCfg = Release|Any CPU
		{FD956BA3-1CFB-42B2-B37E-EDE649868BC8}.Release|x86.Build.0 = Release|Any CPU
		{212D11B4-BF3F-4F7A-BE8E-A20434FF8A3E}.Debug|Any CPU.ActiveCfg = Debug|Any CPU
		{212D11B4-BF3F-4F7A-BE8E-A20434FF8A3E}.Debug|Any CPU.Build.0 = Debug|Any CPU
		{212D11B4-BF3F-4F7A-BE8E-A20434FF8A3E}.Debug|x64.ActiveCfg = Debug|Any CPU
		{212D11B4-BF3F-4F7A-BE8E-A20434FF8A3E}.Debug|x64.Build.0 = Debug|Any CPU
		{212D11B4-BF3F-4F7A-BE8E-A20434FF8A3E}.Debug|x86.ActiveCfg = Debug|Any CPU
		{212D11B4-BF3F-4F7A-BE8E-A20434FF8A3E}.Debug|x86.Build.0 = Debug|Any CPU
		{212D11B4-BF3F-4F7A-BE8E-A20434FF8A3E}.Release|Any CPU.ActiveCfg = Release|Any CPU
		{212D11B4-BF3F-4F7A-BE8E-A20434FF8A3E}.Release|Any CPU.Build.0 = Release|Any CPU
		{212D11B4-BF3F-4F7A-BE8E-A20434FF8A3E}.Release|x64.ActiveCfg = Release|Any CPU
		{212D11B4-BF3F-4F7A-BE8E-A20434FF8A3E}.Release|x64.Build.0 = Release|Any CPU
		{212D11B4-BF3F-4F7A-BE8E-A20434FF8A3E}.Release|x86.ActiveCfg = Release|Any CPU
		{212D11B4-BF3F-4F7A-BE8E-A20434FF8A3E}.Release|x86.Build.0 = Release|Any CPU
		{EA910C5C-7CAC-4164-A59D-305362A2F1D0}.Debug|Any CPU.ActiveCfg = Debug|Any CPU
		{EA910C5C-7CAC-4164-A59D-305362A2F1D0}.Debug|Any CPU.Build.0 = Debug|Any CPU
		{EA910C5C-7CAC-4164-A59D-305362A2F1D0}.Debug|x64.ActiveCfg = Debug|Any CPU
		{EA910C5C-7CAC-4164-A59D-305362A2F1D0}.Debug|x64.Build.0 = Debug|Any CPU
		{EA910C5C-7CAC-4164-A59D-305362A2F1D0}.Debug|x86.ActiveCfg = Debug|Any CPU
		{EA910C5C-7CAC-4164-A59D-305362A2F1D0}.Debug|x86.Build.0 = Debug|Any CPU
		{EA910C5C-7CAC-4164-A59D-305362A2F1D0}.Release|Any CPU.ActiveCfg = Release|Any CPU
		{EA910C5C-7CAC-4164-A59D-305362A2F1D0}.Release|Any CPU.Build.0 = Release|Any CPU
		{EA910C5C-7CAC-4164-A59D-305362A2F1D0}.Release|x64.ActiveCfg = Release|Any CPU
		{EA910C5C-7CAC-4164-A59D-305362A2F1D0}.Release|x64.Build.0 = Release|Any CPU
		{EA910C5C-7CAC-4164-A59D-305362A2F1D0}.Release|x86.ActiveCfg = Release|Any CPU
		{EA910C5C-7CAC-4164-A59D-305362A2F1D0}.Release|x86.Build.0 = Release|Any CPU
		{283F3C6B-0AC0-4A47-8FD3-B90A4853403F}.Debug|Any CPU.ActiveCfg = Debug|Any CPU
		{283F3C6B-0AC0-4A47-8FD3-B90A4853403F}.Debug|Any CPU.Build.0 = Debug|Any CPU
		{283F3C6B-0AC0-4A47-8FD3-B90A4853403F}.Debug|x64.ActiveCfg = Debug|Any CPU
		{283F3C6B-0AC0-4A47-8FD3-B90A4853403F}.Debug|x64.Build.0 = Debug|Any CPU
		{283F3C6B-0AC0-4A47-8FD3-B90A4853403F}.Debug|x86.ActiveCfg = Debug|Any CPU
		{283F3C6B-0AC0-4A47-8FD3-B90A4853403F}.Debug|x86.Build.0 = Debug|Any CPU
		{283F3C6B-0AC0-4A47-8FD3-B90A4853403F}.Release|Any CPU.ActiveCfg = Release|Any CPU
		{283F3C6B-0AC0-4A47-8FD3-B90A4853403F}.Release|Any CPU.Build.0 = Release|Any CPU
		{283F3C6B-0AC0-4A47-8FD3-B90A4853403F}.Release|x64.ActiveCfg = Release|Any CPU
		{283F3C6B-0AC0-4A47-8FD3-B90A4853403F}.Release|x64.Build.0 = Release|Any CPU
		{283F3C6B-0AC0-4A47-8FD3-B90A4853403F}.Release|x86.ActiveCfg = Release|Any CPU
		{283F3C6B-0AC0-4A47-8FD3-B90A4853403F}.Release|x86.Build.0 = Release|Any CPU
	EndGlobalSection
	GlobalSection(SolutionProperties) = preSolution
		HideSolutionNode = FALSE
	EndGlobalSection
	GlobalSection(NestedProjects) = preSolution
		{4487A1E0-78E6-2984-B515-E0AFF26C93A5} = {827E0CD3-B72D-47B6-A68D-7590B98EB39B}
		{D66D5A7E-A483-7014-1A18-246D8C5868CD} = {827E0CD3-B72D-47B6-A68D-7590B98EB39B}
		{8CC3B74D-DAF7-4943-B7F0-F176BB7771FC} = {827E0CD3-B72D-47B6-A68D-7590B98EB39B}
		{10DA57D9-93E5-47CE-9A67-43504E80B960} = {0AB3BF05-4346-4AA6-1389-037BE0695223}
		{18343971-8D05-4BDF-8481-81F2ACB179C9} = {0AB3BF05-4346-4AA6-1389-037BE0695223}
		{0F563D7C-6741-4EF2-BE56-8025BC1464F3} = {0AB3BF05-4346-4AA6-1389-037BE0695223}
		{B0F6D77C-F6F1-4B5A-89DE-046DD24B0D28} = {827E0CD3-B72D-47B6-A68D-7590B98EB39B}
		{4366F37D-0012-41A2-A625-16EF6275A46F} = {0AB3BF05-4346-4AA6-1389-037BE0695223}
		{FD956BA3-1CFB-42B2-B37E-EDE649868BC8} = {0AB3BF05-4346-4AA6-1389-037BE0695223}
		{212D11B4-BF3F-4F7A-BE8E-A20434FF8A3E} = {827E0CD3-B72D-47B6-A68D-7590B98EB39B}
		{EA910C5C-7CAC-4164-A59D-305362A2F1D0} = {827E0CD3-B72D-47B6-A68D-7590B98EB39B}
		{283F3C6B-0AC0-4A47-8FD3-B90A4853403F} = {0AB3BF05-4346-4AA6-1389-037BE0695223}
	EndGlobalSection
	GlobalSection(ExtensibilityGlobals) = postSolution
		SolutionGuid = {0BF06EE5-607C-4DE8-9EB6-AB9DB388AAC6}
	EndGlobalSection
EndGlobal
